
Microsoft Visual Studio Solution File, Format Version 12.00
# Visual Studio Version 17
VisualStudioVersion = 17.14.37411.7 d17.14
MinimumVisualStudioVersion = 10.0.40219.1
Project("{8BC9CEB8-8B4A-11D0-8D11-00A0C91BC942}") = "moonlight-xbox-dx", "moonlight-xbox-dx.vcxproj", "{0D5DFFAA-E5DD-4A61-B3EC-0A73EF86C9B1}"
	ProjectSection(ProjectDependencies) = postProject
		{F4776924-619C-42C7-88B2-82C947CCC9E7} = {F4776924-619C-42C7-88B2-82C947CCC9E7}
	EndProjectSection
EndProject
Project("{8BC9CEB8-8B4A-11D0-8D11-00A0C91BC942}") = "moonlight-common-c", "third_party\moonlight-common-c\build\moonlight-common-c.vcxproj", "{C0BE2A99-38A3-3584-87E8-300E247D2D56}"
EndProject
Project("{8BC9CEB8-8B4A-11D0-8D11-00A0C91BC942}") = "gamestream", "libgamestream\build\gamestream.vcxproj", "{C03E699E-0551-3A80-AC4C-CB707D2D8A26}"
EndProject
Project("{8BC9CEB8-8B4A-11D0-8D11-00A0C91BC942}") = "enet", "third_party\moonlight-common-c\build\enet\enet.vcxproj", "{AD116BCD-394A-3F6A-A306-4F64B2DE7CF8}"
EndProject
Project("{8BC9CEB8-8B4A-11D0-8D11-00A0C91BC942}") = "DirectXTK", "third_party\DirectXTK\DirectXTK_Windows10_2022.vcxproj", "{F4776924-619C-42C7-88B2-82C947CCC9E7}"
EndProject
Global
	GlobalSection(SolutionConfigurationPlatforms) = preSolution
		Debug|x64 = Debug|x64
		MinSizeRel|x64 = MinSizeRel|x64
		Release|x64 = Release|x64
		RelWithDebInfo|x64 = RelWithDebInfo|x64
	EndGlobalSection
	GlobalSection(ProjectConfigurationPlatforms) = postSolution
		{0D5DFFAA-E5DD-4A61-B3EC-0A73EF86C9B1}.Debug|x64.ActiveCfg = Debug|x64
		{0D5DFFAA-E5DD-4A61-B3EC-0A73EF86C9B1}.Debug|x64.Build.0 = Debug|x64
		{0D5DFFAA-E5DD-4A61-B3EC-0A73EF86C9B1}.Debug|x64.Deploy.0 = Debug|x64
		{0D5DFFAA-E5DD-4A61-B3EC-0A73EF86C9B1}.MinSizeRel|x64.ActiveCfg = Release|x64
		{0D5DFFAA-E5DD-4A61-B3EC-0A73EF86C9B1}.MinSizeRel|x64.Build.0 = Release|x64
		{0D5DFFAA-E5DD-4A61-B3EC-0A73EF86C9B1}.MinSizeRel|x64.Deploy.0 = Release|x64
		{0D5DFFAA-E5DD-4A61-B3EC-0A73EF86C9B1}.Release|x64.ActiveCfg = Release|x64
		{0D5DFFAA-E5DD-4A61-B3EC-0A73EF86C9B1}.Release|x64.Build.0 = Release|x64
		{0D5DFFAA-E5DD-4A61-B3EC-0A73EF86C9B1}.Release|x64.Deploy.0 = Release|x64
		{0D5DFFAA-E5DD-4A61-B3EC-0A73EF86C9B1}.RelWithDebInfo|x64.ActiveCfg = Release|x64
		{0D5DFFAA-E5DD-4A61-B3EC-0A73EF86C9B1}.RelWithDebInfo|x64.Build.0 = Release|x64
		{0D5DFFAA-E5DD-4A61-B3EC-0A73EF86C9B1}.RelWithDebInfo|x64.Deploy.0 = Release|x64
		{C0BE2A99-38A3-3584-87E8-300E247D2D56}.Debug|x64.ActiveCfg = Debug|x64
		{C0BE2A99-38A3-3584-87E8-300E247D2D56}.Debug|x64.Build.0 = Debug|x64
		{C0BE2A99-38A3-3584-87E8-300E247D2D56}.MinSizeRel|x64.ActiveCfg = MinSizeRel|x64
		{C0BE2A99-38A3-3584-87E8-300E247D2D56}.MinSizeRel|x64.Build.0 = MinSizeRel|x64
		{C0BE2A99-38A3-3584-87E8-300E247D2D56}.Release|x64.ActiveCfg = Release|x64
		{C0BE2A99-38A3-3584-87E8-300E247D2D56}.Release|x64.Build.0 = Release|x64
		{C0BE2A99-38A3-3584-87E8-300E247D2D56}.RelWithDebInfo|x64.ActiveCfg = RelWithDebInfo|x64
		{C0BE2A99-38A3-3584-87E8-300E247D2D56}.RelWithDebInfo|x64.Build.0 = RelWithDebInfo|x64
		{C03E699E-0551-3A80-AC4C-CB707D2D8A26}.Debug|x64.ActiveCfg = Debug|x64
		{C03E699E-0551-3A80-AC4C-CB707D2D8A26}.Debug|x64.Build.0 = Debug|x64
		{C03E699E-0551-3A80-AC4C-CB707D2D8A26}.MinSizeRel|x64.ActiveCfg = MinSizeRel|x64
		{C03E699E-0551-3A80-AC4C-CB707D2D8A26}.MinSizeRel|x64.Build.0 = MinSizeRel|x64
		{C03E699E-0551-3A80-AC4C-CB707D2D8A26}.Release|x64.ActiveCfg = Release|x64
		{C03E699E-0551-3A80-AC4C-CB707D2D8A26}.Release|x64.Build.0 = Release|x64
		{C03E699E-0551-3A80-AC4C-CB707D2D8A26}.RelWithDebInfo|x64.ActiveCfg = RelWithDebInfo|x64
		{C03E699E-0551-3A80-AC4C-CB707D2D8A26}.RelWithDebInfo|x64.Build.0 = RelWithDebInfo|x64
		{AD116BCD-394A-3F6A-A306-4F64B2DE7CF8}.Debug|x64.ActiveCfg = Debug|x64
		{AD116BCD-394A-3F6A-A306-4F64B2DE7CF8}.Debug|x64.Build.0 = Debug|x64
		{AD116BCD-394A-3F6A-A306-4F64B2DE7CF8}.MinSizeRel|x64.ActiveCfg = MinSizeRel|x64
		{AD116BCD-394A-3F6A-A306-4F64B2DE7CF8}.MinSizeRel|x64.Build.0 = MinSizeRel|x64
		{AD116BCD-394A-3F6A-A306-4F64B2DE7CF8}.Release|x64.ActiveCfg = Release|x64
		{AD116BCD-394A-3F6A-A306-4F64B2DE7CF8}.Release|x64.Build.0 = Release|x64
		{AD116BCD-394A-3F6A-A306-4F64B2DE7CF8}.RelWithDebInfo|x64.ActiveCfg = RelWithDebInfo|x64
		{AD116BCD-394A-3F6A-A306-4F64B2DE7CF8}.RelWithDebInfo|x64.Build.0 = RelWithDebInfo|x64
		{F4776924-619C-42C7-88B2-82C947CCC9E7}.Debug|x64.ActiveCfg = Debug|x64
		{F4776924-619C-42C7-88B2-82C947CCC9E7}.Debug|x64.Build.0 = Debug|x64
		{F4776924-619C-42C7-88B2-82C947CCC9E7}.MinSizeRel|x64.ActiveCfg = Release|x64
		{F4776924-619C-42C7-88B2-82C947CCC9E7}.MinSizeRel|x64.Build.0 = Release|x64
		{F4776924-619C-42C7-88B2-82C947CCC9E7}.Release|x64.ActiveCfg = Release|x64
		{F4776924-619C-42C7-88B2-82C947CCC9E7}.Release|x64.Build.0 = Release|x64
		{F4776924-619C-42C7-88B2-82C947CCC9E7}.RelWithDebInfo|x64.ActiveCfg = Debug|x64
		{F4776924-619C-42C7-88B2-82C947CCC9E7}.RelWithDebInfo|x64.Build.0 = Debug|x64
	EndGlobalSection
	GlobalSection(SolutionProperties) = preSolution
		HideSolutionNode = FALSE
	EndGlobalSection
	GlobalSection(ExtensibilityGlobals) = postSolution
		SolutionGuid = {67FC43E2-746A-479C-8C73-6413B2DDDA0A}
	EndGlobalSection
EndGlobal
