
Microsoft Visual Studio Solution File, Format Version 12.00
# Visual Studio Version 16
VisualStudioVersion = 16.0.29905.134
MinimumVisualStudioVersion = 10.0.40219.1
Project("{8BC9CEB8-8B4A-11D0-8D11-00A0C91BC942}") = "moonlight-xbox", "moonlight-xbox.vcxproj", "{21C1C5C0-0F3E-40C4-B5FA-4AA31847D090}"
EndProject
Project("{8BC9CEB8-8B4A-11D0-8D11-00A0C91BC942}") = "SDL2-UWP", "third_party\SDL\VisualC-WinRT\UWP_VS2015\SDL-UWP.vcxproj", "{89E9B32E-A86A-47C3-A948-D2B1622925CE}"
EndProject
Project("{8BC9CEB8-8B4A-11D0-8D11-00A0C91BC942}") = "gamestream", "libgamestream\gamestream.vcxproj", "{EE443326-86F3-3E91-9C60-F84E520B2609}"
EndProject
Project("{8BC9CEB8-8B4A-11D0-8D11-00A0C91BC942}") = "moonlight-common-c", "third_party\moonlight-common-c\moonlight-common-c.vcxproj", "{48A9B6E0-570E-39C4-B6F3-A602055E79FF}"
EndProject
Project("{8BC9CEB8-8B4A-11D0-8D11-00A0C91BC942}") = "SDL2_ttf-WinRT81", "third_party\SDL_ttf\VisualC-WinRT\WinRT81_VS2013\SDL_ttf-WinRT81.vcxproj", "{90CA40DC-84B4-4D06-91D1-DC82A7A1E4D0}"
EndProject
Global
	GlobalSection(SolutionConfigurationPlatforms) = preSolution
		Debug|ARM = Debug|ARM
		Debug|x64 = Debug|x64
		Debug|x86 = Debug|x86
		MinSizeRel|ARM = MinSizeRel|ARM
		MinSizeRel|x64 = MinSizeRel|x64
		MinSizeRel|x86 = MinSizeRel|x86
		Release|ARM = Release|ARM
		Release|x64 = Release|x64
		Release|x86 = Release|x86
		RelWithDebInfo|ARM = RelWithDebInfo|ARM
		RelWithDebInfo|x64 = RelWithDebInfo|x64
		RelWithDebInfo|x86 = RelWithDebInfo|x86
	EndGlobalSection
	GlobalSection(ProjectConfigurationPlatforms) = postSolution
		{21C1C5C0-0F3E-40C4-B5FA-4AA31847D090}.Debug|ARM.ActiveCfg = Debug|ARM
		{21C1C5C0-0F3E-40C4-B5FA-4AA31847D090}.Debug|ARM.Build.0 = Debug|ARM
		{21C1C5C0-0F3E-40C4-B5FA-4AA31847D090}.Debug|ARM.Deploy.0 = Debug|ARM
		{21C1C5C0-0F3E-40C4-B5FA-4AA31847D090}.Debug|x64.ActiveCfg = Debug|x64
		{21C1C5C0-0F3E-40C4-B5FA-4AA31847D090}.Debug|x64.Build.0 = Debug|x64
		{21C1C5C0-0F3E-40C4-B5FA-4AA31847D090}.Debug|x64.Deploy.0 = Debug|x64
		{21C1C5C0-0F3E-40C4-B5FA-4AA31847D090}.Debug|x86.ActiveCfg = Debug|Win32
		{21C1C5C0-0F3E-40C4-B5FA-4AA31847D090}.Debug|x86.Build.0 = Debug|Win32
		{21C1C5C0-0F3E-40C4-B5FA-4AA31847D090}.Debug|x86.Deploy.0 = Debug|Win32
		{21C1C5C0-0F3E-40C4-B5FA-4AA31847D090}.MinSizeRel|ARM.ActiveCfg = Release|ARM
		{21C1C5C0-0F3E-40C4-B5FA-4AA31847D090}.MinSizeRel|ARM.Build.0 = Release|ARM
		{21C1C5C0-0F3E-40C4-B5FA-4AA31847D090}.MinSizeRel|ARM.Deploy.0 = Release|ARM
		{21C1C5C0-0F3E-40C4-B5FA-4AA31847D090}.MinSizeRel|x64.ActiveCfg = Release|x64
		{21C1C5C0-0F3E-40C4-B5FA-4AA31847D090}.MinSizeRel|x64.Build.0 = Release|x64
		{21C1C5C0-0F3E-40C4-B5FA-4AA31847D090}.MinSizeRel|x64.Deploy.0 = Release|x64
		{21C1C5C0-0F3E-40C4-B5FA-4AA31847D090}.MinSizeRel|x86.ActiveCfg = Release|Win32
		{21C1C5C0-0F3E-40C4-B5FA-4AA31847D090}.MinSizeRel|x86.Build.0 = Release|Win32
		{21C1C5C0-0F3E-40C4-B5FA-4AA31847D090}.MinSizeRel|x86.Deploy.0 = Release|Win32
		{21C1C5C0-0F3E-40C4-B5FA-4AA31847D090}.Release|ARM.ActiveCfg = Release|ARM
		{21C1C5C0-0F3E-40C4-B5FA-4AA31847D090}.Release|ARM.Build.0 = Release|ARM
		{21C1C5C0-0F3E-40C4-B5FA-4AA31847D090}.Release|ARM.Deploy.0 = Release|ARM
		{21C1C5C0-0F3E-40C4-B5FA-4AA31847D090}.Release|x64.ActiveCfg = Release|x64
		{21C1C5C0-0F3E-40C4-B5FA-4AA31847D090}.Release|x64.Build.0 = Release|x64
		{21C1C5C0-0F3E-40C4-B5FA-4AA31847D090}.Release|x64.Deploy.0 = Release|x64
		{21C1C5C0-0F3E-40C4-B5FA-4AA31847D090}.Release|x86.ActiveCfg = Release|Win32
		{21C1C5C0-0F3E-40C4-B5FA-4AA31847D090}.Release|x86.Build.0 = Release|Win32
		{21C1C5C0-0F3E-40C4-B5FA-4AA31847D090}.Release|x86.Deploy.0 = Release|Win32
		{21C1C5C0-0F3E-40C4-B5FA-4AA31847D090}.RelWithDebInfo|ARM.ActiveCfg = Release|ARM
		{21C1C5C0-0F3E-40C4-B5FA-4AA31847D090}.RelWithDebInfo|ARM.Build.0 = Release|ARM
		{21C1C5C0-0F3E-40C4-B5FA-4AA31847D090}.RelWithDebInfo|ARM.Deploy.0 = Release|ARM
		{21C1C5C0-0F3E-40C4-B5FA-4AA31847D090}.RelWithDebInfo|x64.ActiveCfg = Release|x64
		{21C1C5C0-0F3E-40C4-B5FA-4AA31847D090}.RelWithDebInfo|x64.Build.0 = Release|x64
		{21C1C5C0-0F3E-40C4-B5FA-4AA31847D090}.RelWithDebInfo|x64.Deploy.0 = Release|x64
		{21C1C5C0-0F3E-40C4-B5FA-4AA31847D090}.RelWithDebInfo|x86.ActiveCfg = Release|Win32
		{21C1C5C0-0F3E-40C4-B5FA-4AA31847D090}.RelWithDebInfo|x86.Build.0 = Release|Win32
		{21C1C5C0-0F3E-40C4-B5FA-4AA31847D090}.RelWithDebInfo|x86.Deploy.0 = Release|Win32
		{89E9B32E-A86A-47C3-A948-D2B1622925CE}.Debug|ARM.ActiveCfg = Debug|ARM
		{89E9B32E-A86A-47C3-A948-D2B1622925CE}.Debug|ARM.Build.0 = Debug|ARM
		{89E9B32E-A86A-47C3-A948-D2B1622925CE}.Debug|x64.ActiveCfg = Debug|x64
		{89E9B32E-A86A-47C3-A948-D2B1622925CE}.Debug|x64.Build.0 = Debug|x64
		{89E9B32E-A86A-47C3-A948-D2B1622925CE}.Debug|x86.ActiveCfg = Debug|Win32
		{89E9B32E-A86A-47C3-A948-D2B1622925CE}.Debug|x86.Build.0 = Debug|Win32
		{89E9B32E-A86A-47C3-A948-D2B1622925CE}.MinSizeRel|ARM.ActiveCfg = Release|ARM
		{89E9B32E-A86A-47C3-A948-D2B1622925CE}.MinSizeRel|ARM.Build.0 = Release|ARM
		{89E9B32E-A86A-47C3-A948-D2B1622925CE}.MinSizeRel|x64.ActiveCfg = Release|x64
		{89E9B32E-A86A-47C3-A948-D2B1622925CE}.MinSizeRel|x64.Build.0 = Release|x64
		{89E9B32E-A86A-47C3-A948-D2B1622925CE}.MinSizeRel|x86.ActiveCfg = Release|Win32
		{89E9B32E-A86A-47C3-A948-D2B1622925CE}.MinSizeRel|x86.Build.0 = Release|Win32
		{89E9B32E-A86A-47C3-A948-D2B1622925CE}.Release|ARM.ActiveCfg = Release|ARM
		{89E9B32E-A86A-47C3-A948-D2B1622925CE}.Release|ARM.Build.0 = Release|ARM
		{89E9B32E-A86A-47C3-A948-D2B1622925CE}.Release|x64.ActiveCfg = Release|x64
		{89E9B32E-A86A-47C3-A948-D2B1622925CE}.Release|x64.Build.0 = Release|x64
		{89E9B32E-A86A-47C3-A948-D2B1622925CE}.Release|x86.ActiveCfg = Release|Win32
		{89E9B32E-A86A-47C3-A948-D2B1622925CE}.Release|x86.Build.0 = Release|Win32
		{89E9B32E-A86A-47C3-A948-D2B1622925CE}.RelWithDebInfo|ARM.ActiveCfg = Release|ARM
		{89E9B32E-A86A-47C3-A948-D2B1622925CE}.RelWithDebInfo|ARM.Build.0 = Release|ARM
		{89E9B32E-A86A-47C3-A948-D2B1622925CE}.RelWithDebInfo|x64.ActiveCfg = Release|x64
		{89E9B32E-A86A-47C3-A948-D2B1622925CE}.RelWithDebInfo|x64.Build.0 = Release|x64
		{89E9B32E-A86A-47C3-A948-D2B1622925CE}.RelWithDebInfo|x86.ActiveCfg = Release|Win32
		{89E9B32E-A86A-47C3-A948-D2B1622925CE}.RelWithDebInfo|x86.Build.0 = Release|Win32
		{EE443326-86F3-3E91-9C60-F84E520B2609}.Debug|ARM.ActiveCfg = Debug|x64
		{EE443326-86F3-3E91-9C60-F84E520B2609}.Debug|x64.ActiveCfg = Debug|x64
		{EE443326-86F3-3E91-9C60-F84E520B2609}.Debug|x64.Build.0 = Debug|x64
		{EE443326-86F3-3E91-9C60-F84E520B2609}.Debug|x86.ActiveCfg = Debug|x64
		{EE443326-86F3-3E91-9C60-F84E520B2609}.MinSizeRel|ARM.ActiveCfg = MinSizeRel|x64
		{EE443326-86F3-3E91-9C60-F84E520B2609}.MinSizeRel|x64.ActiveCfg = MinSizeRel|x64
		{EE443326-86F3-3E91-9C60-F84E520B2609}.MinSizeRel|x64.Build.0 = MinSizeRel|x64
		{EE443326-86F3-3E91-9C60-F84E520B2609}.MinSizeRel|x86.ActiveCfg = MinSizeRel|x64
		{EE443326-86F3-3E91-9C60-F84E520B2609}.Release|ARM.ActiveCfg = Release|x64
		{EE443326-86F3-3E91-9C60-F84E520B2609}.Release|x64.ActiveCfg = Release|x64
		{EE443326-86F3-3E91-9C60-F84E520B2609}.Release|x64.Build.0 = Release|x64
		{EE443326-86F3-3E91-9C60-F84E520B2609}.Release|x86.ActiveCfg = Release|x64
		{EE443326-86F3-3E91-9C60-F84E520B2609}.RelWithDebInfo|ARM.ActiveCfg = RelWithDebInfo|x64
		{EE443326-86F3-3E91-9C60-F84E520B2609}.RelWithDebInfo|x64.ActiveCfg = RelWithDebInfo|x64
		{EE443326-86F3-3E91-9C60-F84E520B2609}.RelWithDebInfo|x64.Build.0 = RelWithDebInfo|x64
		{EE443326-86F3-3E91-9C60-F84E520B2609}.RelWithDebInfo|x86.ActiveCfg = RelWithDebInfo|x64
		{48A9B6E0-570E-39C4-B6F3-A602055E79FF}.Debug|ARM.ActiveCfg = Debug|x64
		{48A9B6E0-570E-39C4-B6F3-A602055E79FF}.Debug|x64.ActiveCfg = Debug|x64
		{48A9B6E0-570E-39C4-B6F3-A602055E79FF}.Debug|x64.Build.0 = Debug|x64
		{48A9B6E0-570E-39C4-B6F3-A602055E79FF}.Debug|x86.ActiveCfg = Debug|x64
		{48A9B6E0-570E-39C4-B6F3-A602055E79FF}.MinSizeRel|ARM.ActiveCfg = MinSizeRel|x64
		{48A9B6E0-570E-39C4-B6F3-A602055E79FF}.MinSizeRel|x64.ActiveCfg = MinSizeRel|x64
		{48A9B6E0-570E-39C4-B6F3-A602055E79FF}.MinSizeRel|x64.Build.0 = MinSizeRel|x64
		{48A9B6E0-570E-39C4-B6F3-A602055E79FF}.MinSizeRel|x86.ActiveCfg = MinSizeRel|x64
		{48A9B6E0-570E-39C4-B6F3-A602055E79FF}.Release|ARM.ActiveCfg = Release|x64
		{48A9B6E0-570E-39C4-B6F3-A602055E79FF}.Release|x64.ActiveCfg = Release|x64
		{48A9B6E0-570E-39C4-B6F3-A602055E79FF}.Release|x64.Build.0 = Release|x64
		{48A9B6E0-570E-39C4-B6F3-A602055E79FF}.Release|x86.ActiveCfg = Release|x64
		{48A9B6E0-570E-39C4-B6F3-A602055E79FF}.RelWithDebInfo|ARM.ActiveCfg = RelWithDebInfo|x64
		{48A9B6E0-570E-39C4-B6F3-A602055E79FF}.RelWithDebInfo|x64.ActiveCfg = RelWithDebInfo|x64
		{48A9B6E0-570E-39C4-B6F3-A602055E79FF}.RelWithDebInfo|x64.Build.0 = RelWithDebInfo|x64
		{48A9B6E0-570E-39C4-B6F3-A602055E79FF}.RelWithDebInfo|x86.ActiveCfg = RelWithDebInfo|x64
		{90CA40DC-84B4-4D06-91D1-DC82A7A1E4D0}.Debug|ARM.ActiveCfg = Debug|ARM
		{90CA40DC-84B4-4D06-91D1-DC82A7A1E4D0}.Debug|ARM.Build.0 = Debug|ARM
		{90CA40DC-84B4-4D06-91D1-DC82A7A1E4D0}.Debug|x64.ActiveCfg = Debug|x64
		{90CA40DC-84B4-4D06-91D1-DC82A7A1E4D0}.Debug|x64.Build.0 = Debug|x64
		{90CA40DC-84B4-4D06-91D1-DC82A7A1E4D0}.Debug|x86.ActiveCfg = Debug|Win32
		{90CA40DC-84B4-4D06-91D1-DC82A7A1E4D0}.Debug|x86.Build.0 = Debug|Win32
		{90CA40DC-84B4-4D06-91D1-DC82A7A1E4D0}.MinSizeRel|ARM.ActiveCfg = Release|ARM
		{90CA40DC-84B4-4D06-91D1-DC82A7A1E4D0}.MinSizeRel|ARM.Build.0 = Release|ARM
		{90CA40DC-84B4-4D06-91D1-DC82A7A1E4D0}.MinSizeRel|x64.ActiveCfg = Release|x64
		{90CA40DC-84B4-4D06-91D1-DC82A7A1E4D0}.MinSizeRel|x64.Build.0 = Release|x64
		{90CA40DC-84B4-4D06-91D1-DC82A7A1E4D0}.MinSizeRel|x86.ActiveCfg = Release|Win32
		{90CA40DC-84B4-4D06-91D1-DC82A7A1E4D0}.MinSizeRel|x86.Build.0 = Release|Win32
		{90CA40DC-84B4-4D06-91D1-DC82A7A1E4D0}.Release|ARM.ActiveCfg = Release|ARM
		{90CA40DC-84B4-4D06-91D1-DC82A7A1E4D0}.Release|ARM.Build.0 = Release|ARM
		{90CA40DC-84B4-4D06-91D1-DC82A7A1E4D0}.Release|x64.ActiveCfg = Release|x64
		{90CA40DC-84B4-4D06-91D1-DC82A7A1E4D0}.Release|x64.Build.0 = Release|x64
		{90CA40DC-84B4-4D06-91D1-DC82A7A1E4D0}.Release|x86.ActiveCfg = Release|Win32
		{90CA40DC-84B4-4D06-91D1-DC82A7A1E4D0}.Release|x86.Build.0 = Release|Win32
		{90CA40DC-84B4-4D06-91D1-DC82A7A1E4D0}.RelWithDebInfo|ARM.ActiveCfg = Release|ARM
		{90CA40DC-84B4-4D06-91D1-DC82A7A1E4D0}.RelWithDebInfo|ARM.Build.0 = Release|ARM
		{90CA40DC-84B4-4D06-91D1-DC82A7A1E4D0}.RelWithDebInfo|x64.ActiveCfg = Release|x64
		{90CA40DC-84B4-4D06-91D1-DC82A7A1E4D0}.RelWithDebInfo|x64.Build.0 = Release|x64
		{90CA40DC-84B4-4D06-91D1-DC82A7A1E4D0}.RelWithDebInfo|x86.ActiveCfg = Release|Win32
		{90CA40DC-84B4-4D06-91D1-DC82A7A1E4D0}.RelWithDebInfo|x86.Build.0 = Release|Win32
	EndGlobalSection
	GlobalSection(SolutionProperties) = preSolution
		HideSolutionNode = FALSE
	EndGlobalSection
	GlobalSection(ExtensibilityGlobals) = postSolution
		SolutionGuid = {A55D9C44-EFBA-4A22-BE23-DBF1EA12E0F7}
	EndGlobalSection
EndGlobal
