<?xml version="1.0" encoding="utf-8"?>
<Project ToolsVersion="4.0" xmlns="http://schemas.microsoft.com/developer/msbuild/2003">
  <ItemGroup>
    <Filter Include="Comune">
      <UniqueIdentifier>21c1c5c0-0f3e-40c4-b5fa-4aa31847d090</UniqueIdentifier>
    </Filter>
    <Filter Include="Asset">
      <UniqueIdentifier>7a7b8c84-9eea-41a9-82d7-b5355c688f72</UniqueIdentifier>
      <Extensions>bmp;fbx;gif;jpg;jpeg;tga;tiff;tif;png</Extensions>
    </Filter>
    <Filter Include="Contenuto">
      <UniqueIdentifier>b1cfebfc-f2ba-415b-87d9-5081ea0514bb</UniqueIdentifier>
    </Filter>
    <Image Include="Assets\LockScreenLogo.scale-200.png">
      <Filter>Asset</Filter>
    </Image>
    <Image Include="Assets\SplashScreen.scale-200.png">
      <Filter>Asset</Filter>
    </Image>
    <Image Include="Assets\Square150x150Logo.scale-200.png">
      <Filter>Asset</Filter>
    </Image>
    <Image Include="Assets\Square44x44Logo.scale-200.png">
      <Filter>Asset</Filter>
    </Image>
    <Image Include="Assets\Square44x44Logo.targetsize-24_altform-unplated.png">
      <Filter>Asset</Filter>
    </Image>
    <Image Include="Assets\Wide310x150Logo.scale-200.png">
      <Filter>Asset</Filter>
    </Image>
    <Filter Include="Libraries">
      <UniqueIdentifier>{159113c3-ad6e-412c-b3c8-4fdc6c4582c1}</UniqueIdentifier>
      <Extensions>dll</Extensions>
    </Filter>
  </ItemGroup>
  <ItemGroup>
    <Image Include="Assets\StoreLogo.png">
      <Filter>Asset</Filter>
    </Image>
  </ItemGroup>
  <ItemGroup>
    <AppxManifest Include="Package.appxmanifest" />
  </ItemGroup>
  <ItemGroup>
    <ClCompile Include="third_party\SDL\src\main\winrt\SDL_winrt_main_NonXAML.cpp" />
    <ClCompile Include="main.cpp" />
    <ClCompile Include="ffmpeg.c" />
    <ClCompile Include="sdl.c" />
    <ClCompile Include="input\sdlinput.c" />
    <ClCompile Include="decode.c" />
  </ItemGroup>
  <ItemGroup>
    <None Include="third_party\SDL\src\main\winrt\SDL2-WinRTResource_BlankCursor.cur" />
    <None Include="third_party\h264bitstream\LICENSE" />
    <None Include="moonlight-xbox_TemporaryKey.pfx" />
  </ItemGroup>
  <ItemGroup>
    <ResourceCompile Include="third_party\SDL\src\main\winrt\SDL2-WinRTResources.rc" />
  </ItemGroup>
  <ItemGroup>
    <ClInclude Include="ffmpeg.h" />
    <ClInclude Include="video.h" />
    <ClInclude Include="sdl-state.h" />
    <ClInclude Include="input\sdlinput.h" />
  </ItemGroup>
  <ItemGroup>
    <CopyFileToFolders Include="vcpkg\installed\x64-uwp\bin\avcodec-58.dll">
      <Filter>Libraries</Filter>
    </CopyFileToFolders>
    <CopyFileToFolders Include="vcpkg\installed\x64-uwp\bin\avdevice-58.dll">
      <Filter>Libraries</Filter>
    </CopyFileToFolders>
    <CopyFileToFolders Include="vcpkg\installed\x64-uwp\bin\avfilter-7.dll">
      <Filter>Libraries</Filter>
    </CopyFileToFolders>
    <CopyFileToFolders Include="vcpkg\installed\x64-uwp\bin\avformat-58.dll">
      <Filter>Libraries</Filter>
    </CopyFileToFolders>
    <CopyFileToFolders Include="vcpkg\installed\x64-uwp\bin\avutil-56.dll">
      <Filter>Libraries</Filter>
    </CopyFileToFolders>
    <CopyFileToFolders Include="vcpkg\installed\x64-uwp\bin\brotlicommon.dll">
      <Filter>Libraries</Filter>
    </CopyFileToFolders>
    <CopyFileToFolders Include="vcpkg\installed\x64-uwp\bin\brotlidec.dll">
      <Filter>Libraries</Filter>
    </CopyFileToFolders>
    <CopyFileToFolders Include="vcpkg\installed\x64-uwp\bin\brotlienc.dll">
      <Filter>Libraries</Filter>
    </CopyFileToFolders>
    <CopyFileToFolders Include="vcpkg\installed\x64-uwp\bin\bz2.dll">
      <Filter>Libraries</Filter>
    </CopyFileToFolders>
    <CopyFileToFolders Include="vcpkg\installed\x64-uwp\bin\freetype.dll">
      <Filter>Libraries</Filter>
    </CopyFileToFolders>
    <CopyFileToFolders Include="vcpkg\installed\x64-uwp\bin\libcrypto-1_1-x64.dll">
      <Filter>Libraries</Filter>
    </CopyFileToFolders>
    <CopyFileToFolders Include="vcpkg\installed\x64-uwp\bin\libcurl.dll">
      <Filter>Libraries</Filter>
    </CopyFileToFolders>
    <CopyFileToFolders Include="vcpkg\installed\x64-uwp\bin\libexpat.dll">
      <Filter>Libraries</Filter>
    </CopyFileToFolders>
    <CopyFileToFolders Include="vcpkg\installed\x64-uwp\bin\libpng16.dll">
      <Filter>Libraries</Filter>
    </CopyFileToFolders>
    <CopyFileToFolders Include="vcpkg\installed\x64-uwp\bin\libssl-1_1-x64.dll">
      <Filter>Libraries</Filter>
    </CopyFileToFolders>
    <CopyFileToFolders Include="font.ttf">
      <Filter>Asset</Filter>
    </CopyFileToFolders>
    <CopyFileToFolders Include="third_party\SDL_GameControllerDB\gamecontrollerdb.txt">
      <Filter>Asset</Filter>
    </CopyFileToFolders>
    <CopyFileToFolders Include="vcpkg\installed\x64-uwp\bin\postproc-55.dll">
      <Filter>Libraries</Filter>
    </CopyFileToFolders>
    <CopyFileToFolders Include="vcpkg\installed\x64-uwp\bin\pthreadVC3.dll">
      <Filter>Libraries</Filter>
    </CopyFileToFolders>
    <CopyFileToFolders Include="vcpkg\installed\x64-uwp\bin\pthreadVCE3.dll">
      <Filter>Libraries</Filter>
    </CopyFileToFolders>
    <CopyFileToFolders Include="vcpkg\installed\x64-uwp\bin\pthreadVSE3.dll">
      <Filter>Libraries</Filter>
    </CopyFileToFolders>
    <CopyFileToFolders Include="vcpkg\installed\x64-uwp\bin\swresample-3.dll">
      <Filter>Libraries</Filter>
    </CopyFileToFolders>
    <CopyFileToFolders Include="vcpkg\installed\x64-uwp\bin\swscale-5.dll">
      <Filter>Libraries</Filter>
    </CopyFileToFolders>
    <CopyFileToFolders Include="vcpkg\installed\x64-uwp\bin\zlib1.dll">
      <Filter>Libraries</Filter>
    </CopyFileToFolders>
  </ItemGroup>
</Project>