<?xml version="1.0" encoding="utf-8"?>
<Project ToolsVersion="4.0" xmlns="http://schemas.microsoft.com/developer/msbuild/2003">
  <ItemGroup>
    <Filter Include="Common">
      <UniqueIdentifier>0d5dffaa-e5dd-4a61-b3ec-0a73ef86c9b1</UniqueIdentifier>
    </Filter>
    <Filter Include="Assets">
      <UniqueIdentifier>30a90681-471c-4ea9-8d2f-5b6ede57a8c9</UniqueIdentifier>
      <Extensions>bmp;fbx;gif;jpg;jpeg;tga;tiff;tif;png</Extensions>
    </Filter>
    <Filter Include="Content">
      <UniqueIdentifier>2ed9c725-2c14-46fb-9e79-db1c9f62ec7e</UniqueIdentifier>
    </Filter>
    <ClInclude Include="Common\DirectXHelper.h">
      <Filter>Common</Filter>
    </ClInclude>
    <ClInclude Include="Common\StepTimer.h">
      <Filter>Common</Filter>
    </ClInclude>
    <ClInclude Include="Common\DeviceResources.h">
      <Filter>Common</Filter>
    </ClInclude>
    <ClCompile Include="Common\DeviceResources.cpp">
      <Filter>Common</Filter>
    </ClCompile>
    <ClInclude Include="Content\ShaderStructures.h">
      <Filter>Content</Filter>
    </ClInclude>
    <FxCompile Include="Content\SamplePixelShader.hlsl">
      <Filter>Content</Filter>
    </FxCompile>
    <FxCompile Include="Content\SampleVertexShader.hlsl">
      <Filter>Content</Filter>
    </FxCompile>
    <Image Include="Assets\LockScreenLogo.scale-200.png">
      <Filter>Assets</Filter>
    </Image>
    <Image Include="Assets\SplashScreen.scale-200.png">
      <Filter>Assets</Filter>
    </Image>
    <Image Include="Assets\Square150x150Logo.scale-200.png">
      <Filter>Assets</Filter>
    </Image>
    <Image Include="Assets\Square44x44Logo.scale-200.png">
      <Filter>Assets</Filter>
    </Image>
    <Image Include="Assets\Square44x44Logo.targetsize-24_altform-unplated.png">
      <Filter>Assets</Filter>
    </Image>
    <Image Include="Assets\Wide310x150Logo.scale-200.png">
      <Filter>Assets</Filter>
    </Image>
    <Filter Include="DLLs">
      <UniqueIdentifier>{a996f14a-acee-484c-9d56-902e7ea24ef4}</UniqueIdentifier>
    </Filter>
    <Filter Include="Streaming">
      <UniqueIdentifier>{d2200898-ec6b-4066-9275-cc4272f8ceb8}</UniqueIdentifier>
    </Filter>
    <Filter Include="Pages">
      <UniqueIdentifier>{b5851d1d-2e90-41ca-b2b8-444c0994647b}</UniqueIdentifier>
    </Filter>
    <Filter Include="Client">
      <UniqueIdentifier>{8504f692-b80e-4b9c-82a1-3f9f9d18a9e5}</UniqueIdentifier>
    </Filter>
    <Filter Include="State">
      <UniqueIdentifier>{ed5e4490-fc17-42ca-bb3f-9f62b1ada40d}</UniqueIdentifier>
    </Filter>
  </ItemGroup>
  <ItemGroup>
    <ApplicationDefinition Include="App.xaml" />
  </ItemGroup>
  <ItemGroup>
    <ClCompile Include="pch.cpp" />
    <ClCompile Include="Content\VideoRenderer.cpp">
      <Filter>Content</Filter>
    </ClCompile>
    <ClCompile Include="Utils.cpp" />
    <ClCompile Include="Content\LogRenderer.cpp">
      <Filter>Content</Filter>
    </ClCompile>
    <ClCompile Include="Streaming\FFmpegDecoder.cpp">
      <Filter>Streaming</Filter>
    </ClCompile>
    <ClCompile Include="Streaming\FramePacer.cpp">
      <Filter>Streaming</Filter>
    </ClCompile>
    <ClCompile Include="Streaming\AudioPlayer.cpp">
      <Filter>Streaming</Filter>
    </ClCompile>
    <ClCompile Include="Streaming\moonlight_xbox_dxMain.cpp">
      <Filter>Streaming</Filter>
    </ClCompile>
    <ClCompile Include="Client\MoonlightClient.cpp">
      <Filter>Client</Filter>
    </ClCompile>
    <ClCompile Include="State\ApplicationState.cpp">
      <Filter>State</Filter>
    </ClCompile>
    <ClCompile Include="State\MoonlightHost.cpp">
      <Filter>State</Filter>
    </ClCompile>
    <ClCompile Include="State\MoonlightApp.cpp">
      <Filter>State</Filter>
    </ClCompile>
    <ClCompile Include="State\ScreenResolution.cpp">
      <Filter>State</Filter>
    </ClCompile>
    <ClCompile Include="Content\StatsRenderer.cpp">
      <Filter>Content</Filter>
    </ClCompile>
  </ItemGroup>
  <ItemGroup>
    <ClInclude Include="pch.h" />
    <ClInclude Include="Content\VideoRenderer.h">
      <Filter>Content</Filter>
    </ClInclude>
    <ClInclude Include="Utils.hpp" />
    <ClInclude Include="Content\LogRenderer.h">
      <Filter>Content</Filter>
    </ClInclude>
    <ClInclude Include="Streaming\FFmpegDecoder.h">
      <Filter>Streaming</Filter>
    </ClInclude>
    <ClInclude Include="Streaming\FramePacer.h">
      <Filter>Streaming</Filter>
    </ClInclude>
    <ClInclude Include="Streaming\AudioPlayer.h">
      <Filter>Streaming</Filter>
    </ClInclude>
    <ClInclude Include="Streaming\moonlight_xbox_dxMain.h">
      <Filter>Streaming</Filter>
    </ClInclude>
    <ClInclude Include="Client\MoonlightClient.h">
      <Filter>Client</Filter>
    </ClInclude>
    <ClInclude Include="Client\StreamConfiguration.h">
      <Filter>Client</Filter>
    </ClInclude>
    <ClInclude Include="State\ApplicationState.h">
      <Filter>State</Filter>
    </ClInclude>
    <ClInclude Include="State\MoonlightHost.h">
      <Filter>State</Filter>
    </ClInclude>
    <ClInclude Include="State\MoonlightApp.h">
      <Filter>State</Filter>
    </ClInclude>
    <ClInclude Include="State\ScreenResolution.h">
      <Filter>State</Filter>
    </ClInclude>
    <ClInclude Include="Content\StatsRenderer.h">
      <Filter>Content</Filter>
    </ClInclude>
  </ItemGroup>
  <ItemGroup>
    <AppxManifest Include="Package.appxmanifest" />
  </ItemGroup>
  <ItemGroup>
    <CopyFileToFolders Include="vcpkg\installed\x64-uwp\bin\avcodec-58.dll">
      <Filter>DLLs</Filter>
    </CopyFileToFolders>
    <CopyFileToFolders Include="vcpkg\installed\x64-uwp\bin\avdevice-58.dll">
      <Filter>DLLs</Filter>
    </CopyFileToFolders>
    <CopyFileToFolders Include="vcpkg\installed\x64-uwp\bin\avfilter-7.dll">
      <Filter>DLLs</Filter>
    </CopyFileToFolders>
    <CopyFileToFolders Include="vcpkg\installed\x64-uwp\bin\avformat-58.dll">
      <Filter>DLLs</Filter>
    </CopyFileToFolders>
    <CopyFileToFolders Include="vcpkg\installed\x64-uwp\bin\avutil-56.dll">
      <Filter>DLLs</Filter>
    </CopyFileToFolders>
    <CopyFileToFolders Include="vcpkg\installed\x64-uwp\bin\brotlicommon.dll">
      <Filter>DLLs</Filter>
    </CopyFileToFolders>
    <CopyFileToFolders Include="vcpkg\installed\x64-uwp\bin\brotlidec.dll">
      <Filter>DLLs</Filter>
    </CopyFileToFolders>
    <CopyFileToFolders Include="vcpkg\installed\x64-uwp\bin\brotlienc.dll">
      <Filter>DLLs</Filter>
    </CopyFileToFolders>
    <CopyFileToFolders Include="vcpkg\installed\x64-uwp\bin\bz2.dll">
      <Filter>DLLs</Filter>
    </CopyFileToFolders>
    <CopyFileToFolders Include="vcpkg\installed\x64-uwp\bin\freetype.dll">
      <Filter>DLLs</Filter>
    </CopyFileToFolders>
    <CopyFileToFolders Include="vcpkg\installed\x64-uwp\bin\libcrypto-1_1-x64.dll">
      <Filter>DLLs</Filter>
    </CopyFileToFolders>
    <CopyFileToFolders Include="vcpkg\installed\x64-uwp\bin\libcurl.dll">
      <Filter>DLLs</Filter>
    </CopyFileToFolders>
    <CopyFileToFolders Include="vcpkg\installed\x64-uwp\bin\libexpat.dll">
      <Filter>DLLs</Filter>
    </CopyFileToFolders>
    <CopyFileToFolders Include="vcpkg\installed\x64-uwp\bin\libpng16.dll">
      <Filter>DLLs</Filter>
    </CopyFileToFolders>
    <CopyFileToFolders Include="vcpkg\installed\x64-uwp\bin\libssl-1_1-x64.dll">
      <Filter>DLLs</Filter>
    </CopyFileToFolders>
    <CopyFileToFolders Include="vcpkg\installed\x64-uwp\bin\libx264-163.dll">
      <Filter>DLLs</Filter>
    </CopyFileToFolders>
    <CopyFileToFolders Include="vcpkg\installed\x64-uwp\bin\postproc-55.dll">
      <Filter>DLLs</Filter>
    </CopyFileToFolders>
    <CopyFileToFolders Include="vcpkg\installed\x64-uwp\bin\pthreadVC3.dll">
      <Filter>DLLs</Filter>
    </CopyFileToFolders>
    <CopyFileToFolders Include="vcpkg\installed\x64-uwp\bin\pthreadVCE3.dll">
      <Filter>DLLs</Filter>
    </CopyFileToFolders>
    <CopyFileToFolders Include="vcpkg\installed\x64-uwp\bin\pthreadVSE3.dll">
      <Filter>DLLs</Filter>
    </CopyFileToFolders>
    <CopyFileToFolders Include="vcpkg\installed\x64-uwp\bin\swresample-3.dll">
      <Filter>DLLs</Filter>
    </CopyFileToFolders>
    <CopyFileToFolders Include="vcpkg\installed\x64-uwp\bin\swscale-5.dll">
      <Filter>DLLs</Filter>
    </CopyFileToFolders>
    <CopyFileToFolders Include="vcpkg\installed\x64-uwp\bin\zlib1.dll">
      <Filter>DLLs</Filter>
    </CopyFileToFolders>
    <CopyFileToFolders Include="vcpkg\installed\x64-uwp\bin\opus.dll">
      <Filter>DLLs</Filter>
    </CopyFileToFolders>
  </ItemGroup>
  <ItemGroup>
    <None Include="moonlight-xbox-dx_TemporaryKey.pfx" />
    <None Include="Package.StoreAssociation.xml" />
    <None Include="Assets\Play.svg" />
    <None Include="packages.config" />
    <None Include="README.md" />
    <None Include="Assets\desktop.svg">
      <Filter>Assets</Filter>
    </None>
    <None Include="Assets\disconnected.svg">
      <Filter>Assets</Filter>
    </None>
    <None Include="Assets\gamepad.svg">
      <Filter>Assets</Filter>
    </None>
    <None Include="Assets\lock.svg">
      <Filter>Assets</Filter>
    </None>
  </ItemGroup>
  <ItemGroup>
    <Image Include="Assets\SmallTile.scale-100.png">
      <Filter>Assets</Filter>
    </Image>
    <Image Include="Assets\SmallTile.scale-125.png">
      <Filter>Assets</Filter>
    </Image>
    <Image Include="Assets\SmallTile.scale-150.png">
      <Filter>Assets</Filter>
    </Image>
    <Image Include="Assets\SmallTile.scale-200.png">
      <Filter>Assets</Filter>
    </Image>
    <Image Include="Assets\SmallTile.scale-400.png">
      <Filter>Assets</Filter>
    </Image>
    <Image Include="Assets\Square150x150Logo.scale-100.png">
      <Filter>Assets</Filter>
    </Image>
    <Image Include="Assets\Square150x150Logo.scale-125.png">
      <Filter>Assets</Filter>
    </Image>
    <Image Include="Assets\Square150x150Logo.scale-150.png">
      <Filter>Assets</Filter>
    </Image>
    <Image Include="Assets\Square150x150Logo.scale-400.png">
      <Filter>Assets</Filter>
    </Image>
    <Image Include="Assets\Wide310x150Logo.scale-100.png">
      <Filter>Assets</Filter>
    </Image>
    <Image Include="Assets\Wide310x150Logo.scale-125.png">
      <Filter>Assets</Filter>
    </Image>
    <Image Include="Assets\Wide310x150Logo.scale-150.png">
      <Filter>Assets</Filter>
    </Image>
    <Image Include="Assets\Wide310x150Logo.scale-400.png">
      <Filter>Assets</Filter>
    </Image>
    <Image Include="Assets\LargeTile.scale-100.png">
      <Filter>Assets</Filter>
    </Image>
    <Image Include="Assets\LargeTile.scale-125.png">
      <Filter>Assets</Filter>
    </Image>
    <Image Include="Assets\LargeTile.scale-150.png">
      <Filter>Assets</Filter>
    </Image>
    <Image Include="Assets\LargeTile.scale-200.png">
      <Filter>Assets</Filter>
    </Image>
    <Image Include="Assets\LargeTile.scale-400.png">
      <Filter>Assets</Filter>
    </Image>
    <Image Include="Assets\Square44x44Logo.scale-100.png">
      <Filter>Assets</Filter>
    </Image>
    <Image Include="Assets\Square44x44Logo.scale-125.png">
      <Filter>Assets</Filter>
    </Image>
    <Image Include="Assets\Square44x44Logo.scale-150.png">
      <Filter>Assets</Filter>
    </Image>
    <Image Include="Assets\Square44x44Logo.scale-400.png">
      <Filter>Assets</Filter>
    </Image>
    <Image Include="Assets\Square44x44Logo.targetsize-16.png">
      <Filter>Assets</Filter>
    </Image>
    <Image Include="Assets\Square44x44Logo.targetsize-24.png">
      <Filter>Assets</Filter>
    </Image>
    <Image Include="Assets\Square44x44Logo.targetsize-32.png">
      <Filter>Assets</Filter>
    </Image>
    <Image Include="Assets\Square44x44Logo.targetsize-48.png">
      <Filter>Assets</Filter>
    </Image>
    <Image Include="Assets\Square44x44Logo.targetsize-256.png">
      <Filter>Assets</Filter>
    </Image>
    <Image Include="Assets\Square44x44Logo.altform-unplated_targetsize-16.png">
      <Filter>Assets</Filter>
    </Image>
    <Image Include="Assets\Square44x44Logo.altform-unplated_targetsize-32.png">
      <Filter>Assets</Filter>
    </Image>
    <Image Include="Assets\Square44x44Logo.altform-unplated_targetsize-48.png">
      <Filter>Assets</Filter>
    </Image>
    <Image Include="Assets\Square44x44Logo.altform-unplated_targetsize-256.png">
      <Filter>Assets</Filter>
    </Image>
    <Image Include="Assets\Square44x44Logo.altform-lightunplated_targetsize-16.png">
      <Filter>Assets</Filter>
    </Image>
    <Image Include="Assets\Square44x44Logo.altform-lightunplated_targetsize-24.png">
      <Filter>Assets</Filter>
    </Image>
    <Image Include="Assets\Square44x44Logo.altform-lightunplated_targetsize-32.png">
      <Filter>Assets</Filter>
    </Image>
    <Image Include="Assets\Square44x44Logo.altform-lightunplated_targetsize-48.png">
      <Filter>Assets</Filter>
    </Image>
    <Image Include="Assets\Square44x44Logo.altform-lightunplated_targetsize-256.png">
      <Filter>Assets</Filter>
    </Image>
    <Image Include="Assets\SplashScreen.scale-100.png">
      <Filter>Assets</Filter>
    </Image>
    <Image Include="Assets\SplashScreen.scale-125.png">
      <Filter>Assets</Filter>
    </Image>
    <Image Include="Assets\SplashScreen.scale-150.png">
      <Filter>Assets</Filter>
    </Image>
    <Image Include="Assets\SplashScreen.scale-400.png">
      <Filter>Assets</Filter>
    </Image>
    <Image Include="Assets\StoreLogo.scale-100.png">
      <Filter>Assets</Filter>
    </Image>
    <Image Include="Assets\StoreLogo.scale-125.png">
      <Filter>Assets</Filter>
    </Image>
    <Image Include="Assets\StoreLogo.scale-150.png">
      <Filter>Assets</Filter>
    </Image>
    <Image Include="Assets\StoreLogo.scale-200.png">
      <Filter>Assets</Filter>
    </Image>
    <Image Include="Assets\StoreLogo.scale-400.png">
      <Filter>Assets</Filter>
    </Image>
  </ItemGroup>
  <ItemGroup>
    <Page Include="Pages\StreamPage.xaml">
      <Filter>Pages</Filter>
    </Page>
    <Page Include="Pages\AppPage.xaml">
      <Filter>Pages</Filter>
    </Page>
    <Page Include="Pages\HostSelectorPage.xaml">
      <Filter>Pages</Filter>
    </Page>
    <Page Include="Pages\HostSettingsPage.xaml">
      <Filter>Pages</Filter>
    </Page>
    <Page Include="Pages\MoonlightSettings.xaml">
      <Filter>Pages</Filter>
    </Page>
  </ItemGroup>
</Project>