﻿<?xml version="1.0" encoding="utf-8"?>
<Project ToolsVersion="4.0" xmlns="http://schemas.microsoft.com/developer/msbuild/2003">
  <ItemGroup>
    <Filter Include="Assets">
      <UniqueIdentifier>{3fbf8cfc-2833-4477-9705-aa2b53149e20}</UniqueIdentifier>
      <Extensions>svg;png</Extensions>
    </Filter>
    <Filter Include="DLLs">
      <UniqueIdentifier>{3fbf8cfc-2833-4477-9705-aa2b53149e20}</UniqueIdentifier>
      <Extensions>dll;pdb</Extensions>
    </Filter>
    <Filter Include="Assets">
      <UniqueIdentifier>{c71dcdb3-0f05-4f2e-b87d-d392921f9242}</UniqueIdentifier>
    </Filter>
    <Filter Include="Source Files">
      <UniqueIdentifier>{4FC737F1-C7A5-4376-A066-2A32D752A2FF}</UniqueIdentifier>
      <Extensions>cpp;c;cc;cxx;def;odl;idl;hpj;bat;asm;asmx</Extensions>
    </Filter>
    <Filter Include="Header Files">
      <UniqueIdentifier>{93995380-89BD-4b04-88EB-625FBE52EBFB}</UniqueIdentifier>
      <Extensions>h;hh;hpp;hxx;hm;inl;inc;ipp;xsd</Extensions>
    </Filter>
    <Filter Include="Source Files">
      <UniqueIdentifier>{4FC737F1-C7A5-4376-A066-2A32D752A2FF}</UniqueIdentifier>
      <Extensions>cpp;c;cc;cxx;def;odl;idl;hpj;bat;asm;asmx</Extensions>
    </Filter>
    <Filter Include="Shaders">
      <UniqueIdentifier>{93995380-89BD-4b04-88EB-625FBE52EBFB}</UniqueIdentifier>
      <Extensions>hlsl</Extensions>
    </Filter>
  </ItemGroup>
  <ItemGroup>
    <FxCompile Include="Streaming\YUVRGBPixelShader.hlsl">
      <Filter>Shaders</Filter>
    </FxCompile>
    <FxCompile Include="Streaming\YUVRGBVertexShader.hlsl">
      <Filter>Shaders</Filter>
    </FxCompile>
  </ItemGroup>
  <ItemGroup>
    <ApplicationDefinition Include="App.xaml" />
  </ItemGroup>
  <ItemGroup>
    <ClCompile Include="State\MoonlightClient.cpp">
      <Filter>Source Files</Filter>
    </ClCompile>
    <ClCompile Include="State\StreamConfiguration.cpp">
      <Filter>Source Files</Filter>
    </ClCompile>
    <ClCompile Include="Common\DeviceResources.cpp">
      <Filter>Source Files</Filter>
    </ClCompile>
    <ClCompile Include="Streaming\LogRenderer.cpp">
      <Filter>Source Files</Filter>
    </ClCompile>
    <ClCompile Include="Streaming\VideoRenderer.cpp">
      <Filter>Source Files</Filter>
    </ClCompile>
    <ClCompile Include="State\MDNSHandler.cpp">
      <Filter>Source Files</Filter>
    </ClCompile>
    <ClCompile Include="State\ScreenResolution.cpp">
      <Filter>Source Files</Filter>
    </ClCompile>
    <ClCompile Include="State\MoonlightApp.cpp">
      <Filter>Source Files</Filter>
    </ClCompile>
    <ClCompile Include="pch.cpp">
      <Filter>Source Files</Filter>
    </ClCompile>
    <ClCompile Include="Streaming\StatsRenderer.cpp">
      <Filter>Source Files</Filter>
    </ClCompile>
    <ClCompile Include="State\ApplicationState.cpp">
      <Filter>Source Files</Filter>
    </ClCompile>
    <ClCompile Include="State\MoonlightHost.cpp">
      <Filter>Source Files</Filter>
    </ClCompile>
    <ClCompile Include="Streaming\AudioPlayer.cpp">
      <Filter>Source Files</Filter>
    </ClCompile>
    <ClCompile Include="Streaming\FFmpegDecoder.cpp">
      <Filter>Source Files</Filter>
    </ClCompile>
    <ClCompile Include="Streaming\moonlight_xbox_dxMain.cpp">
      <Filter>Source Files</Filter>
    </ClCompile>
    <ClCompile Include="Utils.cpp">
      <Filter>Source Files</Filter>
    </ClCompile>
    <ClCompile Include="Keyboard/kbd*.cpp">
      <Filter>KeyboardLayouts</Filter>
    </ClCompile>
    <ClCompile Include="KeyboardCommon.cpp">
      <Filter>Source Files</Filter>
    </ClCompile>
  </ItemGroup>
  <ItemGroup>
    <ClInclude Include="State\MoonlightClient.h">
      <Filter>Header Files</Filter>
    </ClInclude>
    <ClInclude Include="State\StreamConfiguration.h">
      <Filter>Header Files</Filter>
    </ClInclude>
    <ClInclude Include="Common\DeviceResources.h">
      <Filter>Header Files</Filter>
    </ClInclude>
    <ClInclude Include="Common\DirectXHelper.h">
      <Filter>Header Files</Filter>
    </ClInclude>
    <ClInclude Include="Common\StepTimer.h">
      <Filter>Header Files</Filter>
    </ClInclude>
    <ClInclude Include="Streaming\VideoRenderer.h">
      <Filter>Header Files</Filter>
    </ClInclude>
    <ClInclude Include="Streaming\LogRenderer.h">
      <Filter>Header Files</Filter>
    </ClInclude>
    <ClInclude Include="Streaming\ShaderStructures.h">
      <Filter>Header Files</Filter>
    </ClInclude>
    <ClInclude Include="State\MDNSHandler.h">
      <Filter>Header Files</Filter>
    </ClInclude>
    <ClInclude Include="State\ScreenResolution.h">
      <Filter>Header Files</Filter>
    </ClInclude>
    <ClInclude Include="State\MoonlightApp.h">
      <Filter>Header Files</Filter>
    </ClInclude>
    <ClInclude Include="pch.h">
      <Filter>Header Files</Filter>
    </ClInclude>
    <ClInclude Include="Streaming\StatsRenderer.h">
      <Filter>Header Files</Filter>
    </ClInclude>
    <ClInclude Include="State\ApplicationState.h">
      <Filter>Header Files</Filter>
    </ClInclude>
    <ClInclude Include="State\MoonlightHost.h">
      <Filter>Header Files</Filter>
    </ClInclude>
    <ClInclude Include="Streaming\AudioPlayer.h">
      <Filter>Header Files</Filter>
    </ClInclude>
    <ClInclude Include="Streaming\FFmpegDecoder.h">
      <Filter>Header Files</Filter>
    </ClInclude>
    <ClInclude Include="Streaming\moonlight_xbox_dxMain.h">
      <Filter>Header Files</Filter>
    </ClInclude>
    <ClInclude Include="Utils.hpp">
      <Filter>Header Files</Filter>
    </ClInclude>
    <ClInclude Include="Keyboard\KeyboardCommon.h">
      <Filter>Header Files</Filter>
    </ClInclude>
  </ItemGroup>
  <ItemGroup>
    <Image Include="Assets\LargeTile.scale-100.png">
      <Filter>Assets</Filter>
    </Image>
    <Image Include="Assets\LargeTile.scale-125.png">
      <Filter>Assets</Filter>
    </Image>
    <Image Include="Assets\LargeTile.scale-150.png">
      <Filter>Assets</Filter>
    </Image>
    <Image Include="Assets\LargeTile.scale-200.png">
      <Filter>Assets</Filter>
    </Image>
    <Image Include="Assets\LargeTile.scale-400.png">
      <Filter>Assets</Filter>
    </Image>
    <Image Include="Assets\LockScreenLogo.scale-200.png">
      <Filter>Assets</Filter>
    </Image>
    <Image Include="Assets\SmallTile.scale-100.png">
      <Filter>Assets</Filter>
    </Image>
    <Image Include="Assets\SmallTile.scale-125.png">
      <Filter>Assets</Filter>
    </Image>
    <Image Include="Assets\SmallTile.scale-150.png">
      <Filter>Assets</Filter>
    </Image>
    <Image Include="Assets\SmallTile.scale-200.png">
      <Filter>Assets</Filter>
    </Image>
    <Image Include="Assets\SmallTile.scale-400.png">
      <Filter>Assets</Filter>
    </Image>
    <Image Include="Assets\SplashScreen.scale-100.png">
      <Filter>Assets</Filter>
    </Image>
    <Image Include="Assets\SplashScreen.scale-125.png">
      <Filter>Assets</Filter>
    </Image>
    <Image Include="Assets\SplashScreen.scale-150.png">
      <Filter>Assets</Filter>
    </Image>
    <Image Include="Assets\SplashScreen.scale-200.png">
      <Filter>Assets</Filter>
    </Image>
    <Image Include="Assets\SplashScreen.scale-400.png">
      <Filter>Assets</Filter>
    </Image>
    <Image Include="Assets\Square150x150Logo.scale-100.png">
      <Filter>Assets</Filter>
    </Image>
    <Image Include="Assets\Square150x150Logo.scale-125.png">
      <Filter>Assets</Filter>
    </Image>
    <Image Include="Assets\Square150x150Logo.scale-150.png">
      <Filter>Assets</Filter>
    </Image>
    <Image Include="Assets\Square150x150Logo.scale-200.png">
      <Filter>Assets</Filter>
    </Image>
    <Image Include="Assets\Square150x150Logo.scale-400.png">
      <Filter>Assets</Filter>
    </Image>
    <Image Include="Assets\Square44x44Logo.altform-lightunplated_targetsize-16.png">
      <Filter>Assets</Filter>
    </Image>
    <Image Include="Assets\Square44x44Logo.altform-lightunplated_targetsize-24.png">
      <Filter>Assets</Filter>
    </Image>
    <Image Include="Assets\Square44x44Logo.altform-lightunplated_targetsize-256.png">
      <Filter>Assets</Filter>
    </Image>
    <Image Include="Assets\Square44x44Logo.altform-lightunplated_targetsize-32.png">
      <Filter>Assets</Filter>
    </Image>
    <Image Include="Assets\Square44x44Logo.altform-lightunplated_targetsize-48.png">
      <Filter>Assets</Filter>
    </Image>
    <Image Include="Assets\Square44x44Logo.altform-unplated_targetsize-16.png">
      <Filter>Assets</Filter>
    </Image>
    <Image Include="Assets\Square44x44Logo.altform-unplated_targetsize-256.png">
      <Filter>Assets</Filter>
    </Image>
    <Image Include="Assets\Square44x44Logo.altform-unplated_targetsize-32.png">
      <Filter>Assets</Filter>
    </Image>
    <Image Include="Assets\Square44x44Logo.altform-unplated_targetsize-48.png">
      <Filter>Assets</Filter>
    </Image>
    <Image Include="Assets\Square44x44Logo.scale-100.png">
      <Filter>Assets</Filter>
    </Image>
    <Image Include="Assets\Square44x44Logo.scale-125.png">
      <Filter>Assets</Filter>
    </Image>
    <Image Include="Assets\Square44x44Logo.scale-150.png">
      <Filter>Assets</Filter>
    </Image>
    <Image Include="Assets\Square44x44Logo.scale-200.png">
      <Filter>Assets</Filter>
    </Image>
    <Image Include="Assets\Square44x44Logo.scale-400.png">
      <Filter>Assets</Filter>
    </Image>
    <Image Include="Assets\Square44x44Logo.targetsize-16.png">
      <Filter>Assets</Filter>
    </Image>
    <Image Include="Assets\Square44x44Logo.targetsize-24.png">
      <Filter>Assets</Filter>
    </Image>
    <Image Include="Assets\Square44x44Logo.targetsize-24_altform-unplated.png">
      <Filter>Assets</Filter>
    </Image>
    <Image Include="Assets\Square44x44Logo.targetsize-256.png">
      <Filter>Assets</Filter>
    </Image>
    <Image Include="Assets\Square44x44Logo.targetsize-32.png">
      <Filter>Assets</Filter>
    </Image>
    <Image Include="Assets\Square44x44Logo.targetsize-48.png">
      <Filter>Assets</Filter>
    </Image>
    <Image Include="Assets\StoreLogo.scale-100.png">
      <Filter>Assets</Filter>
    </Image>
    <Image Include="Assets\StoreLogo.scale-125.png">
      <Filter>Assets</Filter>
    </Image>
    <Image Include="Assets\StoreLogo.scale-150.png">
      <Filter>Assets</Filter>
    </Image>
    <Image Include="Assets\StoreLogo.scale-200.png">
      <Filter>Assets</Filter>
    </Image>
    <Image Include="Assets\StoreLogo.scale-400.png">
      <Filter>Assets</Filter>
    </Image>
    <Image Include="Assets\Wide310x150Logo.scale-100.png">
      <Filter>Assets</Filter>
    </Image>
    <Image Include="Assets\Wide310x150Logo.scale-125.png">
      <Filter>Assets</Filter>
    </Image>
    <Image Include="Assets\Wide310x150Logo.scale-150.png">
      <Filter>Assets</Filter>
    </Image>
    <Image Include="Assets\Wide310x150Logo.scale-200.png">
      <Filter>Assets</Filter>
    </Image>
    <Image Include="Assets\Wide310x150Logo.scale-400.png">
      <Filter>Assets</Filter>
    </Image>
  </ItemGroup>
  <ItemGroup>
    <AppxManifest Include="Package.appxmanifest" />
  </ItemGroup>
  <ItemGroup>
    <CopyFileToFolders Include="vcpkg_installed\x64-uwp\bin\*">
      <Filter>DLLs</Filter>
    </CopyFileToFolders>
    <CopyFileToFolders Include="vcpkg_installed\x64-uwp\bin\*">
      <Filter>DLLs</Filter>
    </CopyFileToFolders>
    <CopyFileToFolders Include="vcpkg_installed\x64-uwp\bin\*">
      <Filter>DLLs</Filter>
    </CopyFileToFolders>
    <CopyFileToFolders Include="vcpkg_installed\x64-uwp\bin\*">
      <Filter>DLLs</Filter>
    </CopyFileToFolders>
    <CopyFileToFolders Include="vcpkg_installed\x64-uwp\bin\*">
      <Filter>DLLs</Filter>
    </CopyFileToFolders>
    <CopyFileToFolders Include="vcpkg_installed\x64-uwp\bin\*">
      <Filter>DLLs</Filter>
    </CopyFileToFolders>
    <CopyFileToFolders Include="vcpkg_installed\x64-uwp\bin\*">
      <Filter>DLLs</Filter>
    </CopyFileToFolders>
    <CopyFileToFolders Include="vcpkg_installed\x64-uwp\bin\*">
      <Filter>DLLs</Filter>
    </CopyFileToFolders>
    <CopyFileToFolders Include="vcpkg_installed\x64-uwp\bin\*">
      <Filter>DLLs</Filter>
    </CopyFileToFolders>
    <CopyFileToFolders Include="vcpkg_installed\x64-uwp\bin\*">
      <Filter>DLLs</Filter>
    </CopyFileToFolders>
    <CopyFileToFolders Include="vcpkg_installed\x64-uwp\bin\*">
      <Filter>DLLs</Filter>
    </CopyFileToFolders>
    <CopyFileToFolders Include="vcpkg_installed\x64-uwp\bin\*">
      <Filter>DLLs</Filter>
    </CopyFileToFolders>
    <CopyFileToFolders Include="vcpkg_installed\x64-uwp\bin\*">
      <Filter>DLLs</Filter>
    </CopyFileToFolders>
    <CopyFileToFolders Include="vcpkg_installed\x64-uwp\bin\*">
      <Filter>DLLs</Filter>
    </CopyFileToFolders>
    <CopyFileToFolders Include="vcpkg_installed\x64-uwp\bin\*">
      <Filter>DLLs</Filter>
    </CopyFileToFolders>
    <CopyFileToFolders Include="vcpkg_installed\x64-uwp\bin\*">
      <Filter>DLLs</Filter>
    </CopyFileToFolders>
    <CopyFileToFolders Include="vcpkg_installed\x64-uwp\bin\*">
      <Filter>DLLs</Filter>
    </CopyFileToFolders>
    <CopyFileToFolders Include="vcpkg_installed\x64-uwp\bin\*">
      <Filter>DLLs</Filter>
    </CopyFileToFolders>
    <CopyFileToFolders Include="vcpkg_installed\x64-uwp\bin\*">
      <Filter>DLLs</Filter>
    </CopyFileToFolders>
    <CopyFileToFolders Include="vcpkg_installed\x64-uwp\bin\*">
      <Filter>DLLs</Filter>
    </CopyFileToFolders>
    <CopyFileToFolders Include="vcpkg_installed\x64-uwp\bin\*">
      <Filter>DLLs</Filter>
    </CopyFileToFolders>
    <CopyFileToFolders Include="vcpkg_installed\x64-uwp\bin\*">
      <Filter>DLLs</Filter>
    </CopyFileToFolders>
    <CopyFileToFolders Include="vcpkg_installed\x64-uwp\bin\*">
      <Filter>DLLs</Filter>
    </CopyFileToFolders>
    <CopyFileToFolders Include="vcpkg_installed\x64-uwp\bin\*">
      <Filter>DLLs</Filter>
    </CopyFileToFolders>
    <CopyFileToFolders Include="vcpkg_installed\x64-uwp\bin\*">
      <Filter>DLLs</Filter>
    </CopyFileToFolders>
    <CopyFileToFolders Include="vcpkg_installed\x64-uwp\bin\*">
      <Filter>DLLs</Filter>
    </CopyFileToFolders>
    <CopyFileToFolders Include="vcpkg_installed\x64-uwp\bin\*">
      <Filter>DLLs</Filter>
    </CopyFileToFolders>
    <CopyFileToFolders Include="vcpkg_installed\x64-uwp\bin\*">
      <Filter>DLLs</Filter>
    </CopyFileToFolders>
    <CopyFileToFolders Include="vcpkg_installed\x64-uwp\bin\*">
      <Filter>DLLs</Filter>
    </CopyFileToFolders>
    <CopyFileToFolders Include="vcpkg_installed\x64-uwp\bin\*">
      <Filter>DLLs</Filter>
    </CopyFileToFolders>
    <CopyFileToFolders Include="vcpkg_installed\x64-uwp\bin\*">
      <Filter>DLLs</Filter>
    </CopyFileToFolders>
    <CopyFileToFolders Include="vcpkg_installed\x64-uwp\bin\*">
      <Filter>DLLs</Filter>
    </CopyFileToFolders>
    <CopyFileToFolders Include="vcpkg_installed\x64-uwp\bin\*">
      <Filter>DLLs</Filter>
    </CopyFileToFolders>
    <CopyFileToFolders Include="vcpkg_installed\x64-uwp\bin\*">
      <Filter>DLLs</Filter>
    </CopyFileToFolders>
    <CopyFileToFolders Include="vcpkg_installed\x64-uwp\bin\*">
      <Filter>DLLs</Filter>
    </CopyFileToFolders>
    <CopyFileToFolders Include="vcpkg_installed\x64-uwp\bin\*">
      <Filter>DLLs</Filter>
    </CopyFileToFolders>
    <CopyFileToFolders Include="vcpkg_installed\x64-uwp\bin\*">
      <Filter>DLLs</Filter>
    </CopyFileToFolders>
    <CopyFileToFolders Include="vcpkg_installed\x64-uwp\bin\*">
      <Filter>DLLs</Filter>
    </CopyFileToFolders>
    <CopyFileToFolders Include="vcpkg_installed\x64-uwp\bin\*">
      <Filter>DLLs</Filter>
    </CopyFileToFolders>
    <CopyFileToFolders Include="vcpkg_installed\x64-uwp\bin\*">
      <Filter>DLLs</Filter>
    </CopyFileToFolders>
    <CopyFileToFolders Include="vcpkg_installed\x64-uwp\bin\*">
      <Filter>DLLs</Filter>
    </CopyFileToFolders>
    <CopyFileToFolders Include="vcpkg_installed\x64-uwp\bin\*">
      <Filter>DLLs</Filter>
    </CopyFileToFolders>
    <CopyFileToFolders Include="vcpkg_installed\x64-uwp\bin\*">
      <Filter>DLLs</Filter>
    </CopyFileToFolders>
    <CopyFileToFolders Include="vcpkg_installed\x64-uwp\bin\*">
      <Filter>DLLs</Filter>
    </CopyFileToFolders>
    <CopyFileToFolders Include="vcpkg_installed\x64-uwp\bin\*">
      <Filter>DLLs</Filter>
    </CopyFileToFolders>
    <CopyFileToFolders Include="vcpkg_installed\x64-uwp\bin\*">
      <Filter>DLLs</Filter>
    </CopyFileToFolders>
    <CopyFileToFolders Include="vcpkg_installed\x64-uwp\bin\*">
      <Filter>DLLs</Filter>
    </CopyFileToFolders>
    <CopyFileToFolders Include="vcpkg_installed\x64-uwp\bin\*">
      <Filter>DLLs</Filter>
    </CopyFileToFolders>
    <CopyFileToFolders Include="vcpkg_installed\x64-uwp\bin\*">
      <Filter>DLLs</Filter>
    </CopyFileToFolders>
    <CopyFileToFolders Include="vcpkg_installed\x64-uwp\bin\*">
      <Filter>DLLs</Filter>
    </CopyFileToFolders>
    <CopyFileToFolders Include="vcpkg_installed\x64-uwp\bin\*">
      <Filter>DLLs</Filter>
    </CopyFileToFolders>
    <CopyFileToFolders Include="vcpkg_installed\x64-uwp\bin\*">
      <Filter>DLLs</Filter>
    </CopyFileToFolders>
    <CopyFileToFolders Include="vcpkg_installed\x64-uwp\bin\*">
      <Filter>DLLs</Filter>
    </CopyFileToFolders>
    <CopyFileToFolders Include="vcpkg_installed\x64-uwp\bin\*">
      <Filter>DLLs</Filter>
    </CopyFileToFolders>
    <CopyFileToFolders Include="vcpkg_installed\x64-uwp\bin\*">
      <Filter>DLLs</Filter>
    </CopyFileToFolders>
    <CopyFileToFolders Include="vcpkg_installed\x64-uwp\bin\*">
      <Filter>DLLs</Filter>
    </CopyFileToFolders>
    <CopyFileToFolders Include="vcpkg_installed\x64-uwp\bin\*">
      <Filter>DLLs</Filter>
    </CopyFileToFolders>
    <CopyFileToFolders Include="vcpkg_installed\x64-uwp\bin\*">
      <Filter>DLLs</Filter>
    </CopyFileToFolders>
    <CopyFileToFolders Include="vcpkg_installed\x64-uwp\bin\*">
      <Filter>DLLs</Filter>
    </CopyFileToFolders>
    <CopyFileToFolders Include="vcpkg_installed\x64-uwp\bin\*">
      <Filter>DLLs</Filter>
    </CopyFileToFolders>
    <CopyFileToFolders Include="vcpkg_installed\x64-uwp\bin\*">
      <Filter>DLLs</Filter>
    </CopyFileToFolders>
    <CopyFileToFolders Include="vcpkg_installed\x64-uwp\bin\*">
      <Filter>DLLs</Filter>
    </CopyFileToFolders>
    <CopyFileToFolders Include="vcpkg_installed\x64-uwp\bin\*">
      <Filter>DLLs</Filter>
    </CopyFileToFolders>
    <CopyFileToFolders Include="vcpkg_installed\x64-uwp\bin\*">
      <Filter>DLLs</Filter>
    </CopyFileToFolders>
    <CopyFileToFolders Include="vcpkg_installed\x64-uwp\bin\*">
      <Filter>DLLs</Filter>
    </CopyFileToFolders>
    <CopyFileToFolders Include="vcpkg_installed\x64-uwp\bin\*">
      <Filter>DLLs</Filter>
    </CopyFileToFolders>
    <CopyFileToFolders Include="vcpkg_installed\x64-uwp\bin\*">
      <Filter>DLLs</Filter>
    </CopyFileToFolders>
    <CopyFileToFolders Include="vcpkg_installed\x64-uwp\bin\*">
      <Filter>DLLs</Filter>
    </CopyFileToFolders>
    <CopyFileToFolders Include="vcpkg_installed\x64-uwp\bin\*">
      <Filter>DLLs</Filter>
    </CopyFileToFolders>
    <CopyFileToFolders Include="vcpkg_installed\x64-uwp\bin\*">
      <Filter>DLLs</Filter>
    </CopyFileToFolders>
    <CopyFileToFolders Include="vcpkg_installed\x64-uwp\bin\*">
      <Filter>DLLs</Filter>
    </CopyFileToFolders>
    <CopyFileToFolders Include="vcpkg_installed\x64-uwp\bin\*">
      <Filter>DLLs</Filter>
    </CopyFileToFolders>
    <CopyFileToFolders Include="vcpkg_installed\x64-uwp\bin\*">
      <Filter>DLLs</Filter>
    </CopyFileToFolders>
    <CopyFileToFolders Include="vcpkg_installed\x64-uwp\bin\*">
      <Filter>DLLs</Filter>
    </CopyFileToFolders>
    <CopyFileToFolders Include="vcpkg_installed\x64-uwp\bin\*">
      <Filter>DLLs</Filter>
    </CopyFileToFolders>
  </ItemGroup>
  <ItemGroup>
    <None Include="Assets\desktop.svg">
      <Filter>Assets</Filter>
    </None>
    <None Include="Assets\disconnected.svg">
      <Filter>Assets</Filter>
    </None>
    <None Include="Assets\gamepad.svg">
      <Filter>Assets</Filter>
    </None>
    <None Include="Assets\lock.svg">
      <Filter>Assets</Filter>
    </None>
    <None Include="Assets\Play.svg">
      <Filter>Assets</Filter>
    </None>
    <None Include="moonlight-xbox-dx_TemporaryKey.pfx" />
    <None Include="packages.config" />
    <None Include="README.md" />
    <None Include="Package.StoreAssociation.xml" />
  </ItemGroup>
  <ItemGroup>
    <Page Include="Pages\AppPage.xaml" />
    <Page Include="Pages\HostSelectorPage.xaml" />
    <Page Include="Pages\HostSettingsPage.xaml" />
    <Page Include="Pages\MoonlightSettings.xaml" />
    <Page Include="Pages\StreamPage.xaml" />
    <Page Include="KeyboardControl.xaml" />
  </ItemGroup>
</Project>