<?xml version="1.0" encoding="utf-8"?>
<Project ToolsVersion="16.0" xmlns="http://schemas.microsoft.com/developer/msbuild/2003">
  <ItemGroup>
    <ClCompile Include="winrt.c" />
    <ClCompile Include="$(ProjectDir)client.c" />
    <ClCompile Include="$(ProjectDir)http.c" />
    <ClCompile Include="$(ProjectDir)mkcert.c" />
    <ClCompile Include="$(ProjectDir)sps.c" />
    <ClCompile Include="$(ProjectDir)xml.c" />
    <ClCompile Include="$(ProjectDir)..\third_party\h264bitstream\h264_nal.c" />
    <ClCompile Include="$(ProjectDir)..\third_party\h264bitstream\h264_sei.c" />
    <ClCompile Include="$(ProjectDir)..\third_party\h264bitstream\h264_stream.c" />
  </ItemGroup>
  <ItemGroup>
    <Filter Include="Source Files">
      <UniqueIdentifier>{1A401420-0303-3A3B-84D2-CC42A18A36BA}</UniqueIdentifier>
    </Filter>
  </ItemGroup>
  <ItemGroup>
    <ClInclude Include="winrt.h" />
  </ItemGroup>
</Project>