<?xml version="1.0" encoding="utf-8"?>
<Project ToolsVersion="16.0" xmlns="http://schemas.microsoft.com/developer/msbuild/2003">
  <ItemGroup>
    <CustomBuild Include="D:\Progetti\moonlight-xbox\libgamestream\CMakeFiles\fd62e8bbbe8ff8b3e909a91a78f060a7\INSTALL_force.rule">
      <Filter>CMake Rules</Filter>
    </CustomBuild>
  </ItemGroup>
  <ItemGroup>
    <Filter Include="CMake Rules">
      <UniqueIdentifier>{3DF80CA4-64BB-3AEC-BCD7-0E7B6C438BFF}</UniqueIdentifier>
    </Filter>
  </ItemGroup>
</Project>
